{"version":4,"terraform_version":"1.10.6","serial":7,"lineage":"2edcba73-7c04-26ec-a00e-6eae7ac38eb1","outputs":{"bucket_name":{"value":"tofu-photo-upload-e3f4c485","type":"string"},"igw_id":{"value":"igw-069342fe3bd8c32ba","type":"string"},"subnet_id":{"value":"subnet-0d2ff68104df42712","type":"string"},"vpc_id":{"value":"vpc-098784a2dce7f601d","type":"string"}},"resources":[{"mode":"managed","type":"aws_internet_gateway","name":"gw","provider":"provider[\"registry.opentofu.org/hashicorp/aws\"]","instances":[{"schema_version":0,"attributes":{"arn":"arn:aws:ec2:us-east-1:533267130945:internet-gateway/igw-069342fe3bd8c32ba","id":"igw-069342fe3bd8c32ba","owner_id":"533267130945","tags":{"Name":"tofu-igw"},"tags_all":{"Name":"tofu-igw"},"timeouts":null,"vpc_id":"vpc-098784a2dce7f601d"},"sensitive_attributes":[],"private":"eyJlMmJmYjczMC1lY2FhLTExZTYtOGY4OC0zNDM2M2JjN2M0YzAiOnsiY3JlYXRlIjoxMjAwMDAwMDAwMDAwLCJkZWxldGUiOjEyMDAwMDAwMDAwMDAsInVwZGF0ZSI6MTIwMDAwMDAwMDAwMH19","dependencies":["aws_vpc.main"]}]},{"mode":"managed","type":"aws_route_table","name":"r","provider":"provider[\"registry.opentofu.org/hashicorp/aws\"]","instances":[{"schema_version":0,"attributes":{"arn":"arn:aws:ec2:us-east-1:533267130945:route-table/rtb-0e6bf2e53bd0d6f0c","id":"rtb-0e6bf2e53bd0d6f0c","owner_id":"533267130945","propagating_vgws":[],"route":[{"carrier_gateway_id":"","cidr_block":"0.0.0.0/0","core_network_arn":"","destination_prefix_list_id":"","egress_only_gateway_id":"","gateway_id":"igw-069342fe3bd8c32ba","ipv6_cidr_block":"","local_gateway_id":"","nat_gateway_id":"","network_interface_id":"","transit_gateway_id":"","vpc_endpoint_id":"","vpc_peering_connection_id":""}],"tags":{"Name":"tofu-rt"},"tags_all":{"Name":"tofu-rt"},"timeouts":null,"vpc_id":"vpc-098784a2dce7f601d"},"sensitive_attributes":[],"private":"eyJlMmJmYjczMC1lY2FhLTExZTYtOGY4OC0zNDM2M2JjN2M0YzAiOnsiY3JlYXRlIjozMDAwMDAwMDAwMDAsImRlbGV0ZSI6MzAwMDAwMDAwMDAwLCJ1cGRhdGUiOjEyMDAwMDAwMDAwMH19","dependencies":["aws_internet_gateway.gw","aws_vpc.main"]}]},{"mode":"managed","type":"aws_route_table_association","name":"a","provider":"provider[\"registry.opentofu.org/hashicorp/aws\"]","instances":[{"schema_version":0,"attributes":{"gateway_id":"","id":"rtbassoc-0daf9e18de3016d37","route_table_id":"rtb-0e6bf2e53bd0d6f0c","subnet_id":"subnet-0d2ff68104df42712","timeouts":null},"sensitive_attributes":[],"private":"eyJlMmJmYjczMC1lY2FhLTExZTYtOGY4OC0zNDM2M2JjN2M0YzAiOnsiY3JlYXRlIjozMDAwMDAwMDAwMDAsImRlbGV0ZSI6MzAwMDAwMDAwMDAwLCJ1cGRhdGUiOjEyMDAwMDAwMDAwMH19","dependencies":["aws_internet_gateway.gw","aws_route_table.r","aws_subnet.main","aws_vpc.main"]}]},{"mode":"managed","type":"aws_s3_bucket","name":"app_bucket","provider":"provider[\"registry.opentofu.org/hashicorp/aws\"]","instances":[{"status":"tainted","schema_version":0,"attributes":{"acceleration_status":"","acl":null,"arn":"arn:aws:s3:::tofu-photo-upload-e3f4c485","bucket":"tofu-photo-upload-e3f4c485","bucket_domain_name":"tofu-photo-upload-e3f4c485.s3.amazonaws.com","bucket_prefix":"","bucket_regional_domain_name":null,"cors_rule":[],"force_destroy":true,"grant":[{"id":"8494b162256cd98a25306c24a7ba6c6f513ed498f042b6f76c9bd4535cdbbbd8","permissions":["FULL_CONTROL"],"type":"CanonicalUser","uri":""}],"hosted_zone_id":null,"id":"tofu-photo-upload-e3f4c485","lifecycle_rule":[],"logging":[],"object_lock_configuration":null,"object_lock_enabled":null,"policy":"","region":null,"replication_configuration":[],"request_payer":"BucketOwner","server_side_encryption_configuration":[{"rule":[{"apply_server_side_encryption_by_default":[{"kms_master_key_id":"","sse_algorithm":"AES256"}],"bucket_key_enabled":false}]}],"tags":{"Name":"tofu-bucket"},"tags_all":{"Name":"tofu-bucket"},"timeouts":null,"versioning":[{"enabled":false,"mfa_delete":false}],"website":[],"website_domain":null,"website_endpoint":null},"sensitive_attributes":[],"private":"eyJlMmJmYjczMC1lY2FhLTExZTYtOGY4OC0zNDM2M2JjN2M0YzAiOnsiY3JlYXRlIjoxMjAwMDAwMDAwMDAwLCJkZWxldGUiOjM2MDAwMDAwMDAwMDAsInJlYWQiOjEyMDAwMDAwMDAwMDAsInVwZGF0ZSI6MTIwMDAwMDAwMDAwMH19","dependencies":["random_id.bucket_id"]}]},{"mode":"managed","type":"aws_security_group","name":"web_sg","provider":"provider[\"registry.opentofu.org/hashicorp/aws\"]","instances":[{"schema_version":1,"attributes":{"arn":"arn:aws:ec2:us-east-1:533267130945:security-group/sg-00dc6278d9e371eb7","description":"Allow HTTP and SSH inbound traffic","egress":[{"cidr_blocks":["0.0.0.0/0"],"description":"Allow all outbound traffic","from_port":0,"ipv6_cidr_blocks":[],"prefix_list_ids":[],"protocol":"-1","security_groups":[],"self":false,"to_port":0}],"id":"sg-00dc6278d9e371eb7","ingress":[{"cidr_blocks":["0.0.0.0/0"],"description":"HTTP access","from_port":80,"ipv6_cidr_blocks":[],"prefix_list_ids":[],"protocol":"tcp","security_groups":[],"self":false,"to_port":80},{"cidr_blocks":["0.0.0.0/0"],"description":"SSH access","from_port":22,"ipv6_cidr_blocks":[],"prefix_list_ids":[],"protocol":"tcp","security_groups":[],"self":false,"to_port":22}],"name":"tofu-sg","name_prefix":"","owner_id":"533267130945","revoke_rules_on_delete":false,"tags":{"Name":"tofu-sg"},"tags_all":{"Name":"tofu-sg"},"timeouts":null,"vpc_id":"vpc-098784a2dce7f601d"},"sensitive_attributes":[],"private":"eyJlMmJmYjczMC1lY2FhLTExZTYtOGY4OC0zNDM2M2JjN2M0YzAiOnsiY3JlYXRlIjo2MDAwMDAwMDAwMDAsImRlbGV0ZSI6OTAwMDAwMDAwMDAwfSwic2NoZW1hX3ZlcnNpb24iOiIxIn0=","dependencies":["aws_vpc.main"]}]},{"mode":"managed","type":"aws_subnet","name":"main","provider":"provider[\"registry.opentofu.org/hashicorp/aws\"]","instances":[{"schema_version":1,"attributes":{"arn":"arn:aws:ec2:us-east-1:533267130945:subnet/subnet-0d2ff68104df42712","assign_ipv6_address_on_creation":false,"availability_zone":"us-east-1a","availability_zone_id":"use1-az2","cidr_block":"10.0.1.0/24","customer_owned_ipv4_pool":"","enable_dns64":false,"enable_lni_at_device_index":0,"enable_resource_name_dns_a_record_on_launch":false,"enable_resource_name_dns_aaaa_record_on_launch":false,"id":"subnet-0d2ff68104df42712","ipv6_cidr_block":"","ipv6_cidr_block_association_id":"","ipv6_native":false,"map_customer_owned_ip_on_launch":false,"map_public_ip_on_launch":true,"outpost_arn":"","owner_id":"533267130945","private_dns_hostname_type_on_launch":"ip-name","tags":{"Name":"tofu-subnet"},"tags_all":{"Name":"tofu-subnet"},"timeouts":null,"vpc_id":"vpc-098784a2dce7f601d"},"sensitive_attributes":[],"private":"eyJlMmJmYjczMC1lY2FhLTExZTYtOGY4OC0zNDM2M2JjN2M0YzAiOnsiY3JlYXRlIjo2MDAwMDAwMDAwMDAsImRlbGV0ZSI6MTIwMDAwMDAwMDAwMH0sInNjaGVtYV92ZXJzaW9uIjoiMSJ9","dependencies":["aws_vpc.main"]}]},{"mode":"managed","type":"aws_vpc","name":"main","provider":"provider[\"registry.opentofu.org/hashicorp/aws\"]","instances":[{"schema_version":1,"attributes":{"arn":"arn:aws:ec2:us-east-1:533267130945:vpc/vpc-098784a2dce7f601d","assign_generated_ipv6_cidr_block":false,"cidr_block":"10.0.0.0/16","default_network_acl_id":"acl-0a1edae1b81bfaa8b","default_route_table_id":"rtb-0fa67b96fbcab2f70","default_security_group_id":"sg-06331afc098d795f0","dhcp_options_id":"dopt-0637bc9287a611b9b","enable_dns_hostnames":true,"enable_dns_support":true,"enable_network_address_usage_metrics":false,"id":"vpc-098784a2dce7f601d","instance_tenancy":"default","ipv4_ipam_pool_id":null,"ipv4_netmask_length":null,"ipv6_association_id":"","ipv6_cidr_block":"","ipv6_cidr_block_network_border_group":"","ipv6_ipam_pool_id":"","ipv6_netmask_length":0,"main_route_table_id":"rtb-0fa67b96fbcab2f70","owner_id":"533267130945","tags":{"Name":"tofu-vpc"},"tags_all":{"Name":"tofu-vpc"}},"sensitive_attributes":[],"private":"eyJzY2hlbWFfdmVyc2lvbiI6IjEifQ=="}]},{"mode":"managed","type":"random_id","name":"bucket_id","provider":"provider[\"registry.opentofu.org/hashicorp/random\"]","instances":[{"schema_version":0,"attributes":{"b64_std":"4/TEhQ==","b64_url":"4_TEhQ","byte_length":4,"dec":"3824469125","hex":"e3f4c485","id":"4_TEhQ","keepers":null,"prefix":null},"sensitive_attributes":[]}]}],"check_results":null}
